
Microsoft Visual Studio Solution File, Format Version 12.00
# Visual Studio 15
VisualStudioVersion = 15.0.26730.12
MinimumVisualStudioVersion = 10.0.40219.1
Project("{FAE04EC0-301F-11D3-BF4B-00C04F79EFBC}") = "NXServer-CSharp", "NXServer-CSharp\NXServer-CSharp.csproj", "{0E1242DF-18E0-4072-ABA4-D7C92C74A13B}"
EndProject
Global
	GlobalSection(SolutionConfigurationPlatforms) = preSolution
		Debug|Any CPU = Debug|Any CPU
		Release|Any CPU = Release|Any CPU
	EndGlobalSection
	GlobalSection(ProjectConfigurationPlatforms) = postSolution
		{0E1242DF-18E0-4072-ABA4-D7C92C74A13B}.Debug|Any CPU.ActiveCfg = Debug|Any CPU
		{0E1242DF-18E0-4072-ABA4-D7C92C74A13B}.Debug|Any CPU.Build.0 = Debug|Any CPU
		{0E1242DF-18E0-4072-ABA4-D7C92C74A13B}.Release|Any CPU.ActiveCfg = Release|Any CPU
		{0E1242DF-18E0-4072-ABA4-D7C92C74A13B}.Release|Any CPU.Build.0 = Release|Any CPU
	EndGlobalSection
	GlobalSection(SolutionProperties) = preSolution
		HideSolutionNode = FALSE
	EndGlobalSection
	GlobalSection(ExtensibilityGlobals) = postSolution
		SolutionGuid = {B26A0873-0A7A-4840-A8D0-86B31A1611EB}
	EndGlobalSection
EndGlobal
